
Microsoft Visual Studio Solution File, Format Version 12.00
# Visual Studio Version 17
VisualStudioVersion = 17.8.34408.163
MinimumVisualStudioVersion = 10.0.40219.1
Project("{FAE04EC0-301F-11D3-BF4B-00C04F79EFBC}") = "MetodoCS", "MetodoCS.csproj", "{65DB03FD-AD26-468B-83CC-6F2B0B55B5D5}"
EndProject
Global
	GlobalSection(SolutionConfigurationPlatforms) = preSolution
		Debug|Any CPU = Debug|Any CPU
		Release|Any CPU = Release|Any CPU
	EndGlobalSection
	GlobalSection(ProjectConfigurationPlatforms) = postSolution
		{65DB03FD-AD26-468B-83CC-6F2B0B55B5D5}.Debug|Any CPU.ActiveCfg = Debug|Any CPU
		{65DB03FD-AD26-468B-83CC-6F2B0B55B5D5}.Debug|Any CPU.Build.0 = Debug|Any CPU
		{65DB03FD-AD26-468B-83CC-6F2B0B55B5D5}.Release|Any CPU.ActiveCfg = Release|Any CPU
		{65DB03FD-AD26-468B-83CC-6F2B0B55B5D5}.Release|Any CPU.Build.0 = Release|Any CPU
	EndGlobalSection
	GlobalSection(SolutionProperties) = preSolution
		HideSolutionNode = FALSE
	EndGlobalSection
	GlobalSection(ExtensibilityGlobals) = postSolution
		SolutionGuid = {6DDCFE3D-C7B4-4E47-B7FF-AEDDB4EACD92}
	EndGlobalSection
EndGlobal
